// !$*UTF8*$!
{
	archiveVersion = 1;
	classes = {
	};
	objectVersion = 56;
	objects = {

/* Begin PBXBuildFile section */
		2C12714A2C81F2C7001548F4 /* GameScoreView.swift in Sources */ = {isa = PBXBuildFile; fileRef = 2C1271492C81F2C7001548F4 /* GameScoreView.swift */; };
		2C12714C2C831194001548F4 /* Dorsa-Regular.ttf in Resources */ = {isa = PBXBuildFile; fileRef = 2C12714B2C831194001548F4 /* Dorsa-Regular.ttf */; };
		2C12714E2C85E047001548F4 /* CustomTabView.swift in Sources */ = {isa = PBXBuildFile; fileRef = 2C12714D2C85E047001548F4 /* CustomTabView.swift */; };
		2C1914B22D1EDF0F004A095B /* ContactsView.swift in Sources */ = {isa = PBXBuildFile; fileRef = 2C1914B12D1EDF0F004A095B /* ContactsView.swift */; };
		2C2336632D19A0AE008055C7 /* CustomRoundedRectangle.swift in Sources */ = {isa = PBXBuildFile; fileRef = 2C2336622D19A0AE008055C7 /* CustomRoundedRectangle.swift */; };
		2C2336672D19DC02008055C7 /* iPadStartMenuView.swift in Sources */ = {isa = PBXBuildFile; fileRef = 2C2336662D19DC02008055C7 /* iPadStartMenuView.swift */; };
		2C28DAF72D12F14200A9BC19 /* AppState.swift in Sources */ = {isa = PBXBuildFile; fileRef = 2C28DAF62D12F14200A9BC19 /* AppState.swift */; };
		2C28DAFB2D159FC600A9BC19 /* iPadMainView.swift in Sources */ = {isa = PBXBuildFile; fileRef = 2C28DAFA2D159FC600A9BC19 /* iPadMainView.swift */; };
		2C28DAFF2D15AEB000A9BC19 /* iPadBattleViewV.swift in Sources */ = {isa = PBXBuildFile; fileRef = 2C28DAFE2D15AEB000A9BC19 /* iPadBattleViewV.swift */; };
		2C28DB012D15B9F900A9BC19 /* iPadMenuViewV.swift in Sources */ = {isa = PBXBuildFile; fileRef = 2C28DB002D15B9F900A9BC19 /* iPadMenuViewV.swift */; };
		2C385F322C4A9DAA00543AC9 /* ShipReplacementView.swift in Sources */ = {isa = PBXBuildFile; fileRef = 2C385F312C4A9DAA00543AC9 /* ShipReplacementView.swift */; };
		2C403C4F2D006B6800E2A386 /* InformationView.swift in Sources */ = {isa = PBXBuildFile; fileRef = 2C403C4E2D006B6700E2A386 /* InformationView.swift */; };
		2C403C512D00B0D800E2A386 /* SettingsView.swift in Sources */ = {isa = PBXBuildFile; fileRef = 2C403C502D00B0D800E2A386 /* SettingsView.swift */; };
		2C4AE0EB2C875FC90013DF12 /* Aldrich-Regular.ttf in Resources */ = {isa = PBXBuildFile; fileRef = 2C4AE0EA2C875FC90013DF12 /* Aldrich-Regular.ttf */; };
		2C4AE0ED2C89CE880013DF12 /* WinAlertView.swift in Sources */ = {isa = PBXBuildFile; fileRef = 2C4AE0EC2C89CE880013DF12 /* WinAlertView.swift */; };
		2C6A84712B6E99620001A20C /* SeaBattleApp.swift in Sources */ = {isa = PBXBuildFile; fileRef = 2C6A84702B6E99620001A20C /* SeaBattleApp.swift */; };
		2C6A84732B6E99620001A20C /* ContentView.swift in Sources */ = {isa = PBXBuildFile; fileRef = 2C6A84722B6E99620001A20C /* ContentView.swift */; };
		2C6A84752B6E99640001A20C /* Assets.xcassets in Resources */ = {isa = PBXBuildFile; fileRef = 2C6A84742B6E99640001A20C /* Assets.xcassets */; };
		2C6A84782B6E99640001A20C /* Preview Assets.xcassets in Resources */ = {isa = PBXBuildFile; fileRef = 2C6A84772B6E99640001A20C /* Preview Assets.xcassets */; };
		2C6A847F2B6E99BA0001A20C /* EnemyFieldView.swift in Sources */ = {isa = PBXBuildFile; fileRef = 2C6A847E2B6E99BA0001A20C /* EnemyFieldView.swift */; };
		2C6A84832B723C0E0001A20C /* AboutView.swift in Sources */ = {isa = PBXBuildFile; fileRef = 2C6A84822B723C0E0001A20C /* AboutView.swift */; };
		2C6A84852B723C660001A20C /* PlayerData.swift in Sources */ = {isa = PBXBuildFile; fileRef = 2C6A84842B723C660001A20C /* PlayerData.swift */; };
		2C6A84872B723C990001A20C /* Ship.swift in Sources */ = {isa = PBXBuildFile; fileRef = 2C6A84862B723C990001A20C /* Ship.swift */; };
		2C6A84892B73D3960001A20C /* PlayerFieldView.swift in Sources */ = {isa = PBXBuildFile; fileRef = 2C6A84882B73D3960001A20C /* PlayerFieldView.swift */; };
		2C900E802C415CF7005BD968 /* CellView.swift in Sources */ = {isa = PBXBuildFile; fileRef = 2C900E7F2C415CF7005BD968 /* CellView.swift */; };
		2C900E882C416963005BD968 /* Cell.swift in Sources */ = {isa = PBXBuildFile; fileRef = 2C900E872C416963005BD968 /* Cell.swift */; };
		2CA0169D2C8B1847000C2E3A /* ShipView.swift in Sources */ = {isa = PBXBuildFile; fileRef = 2CA0169C2C8B1847000C2E3A /* ShipView.swift */; };
		2CA016A12C94B186000C2E3A /* ShipReplacementViewViewModel.swift in Sources */ = {isa = PBXBuildFile; fileRef = 2CA016A02C94B186000C2E3A /* ShipReplacementViewViewModel.swift */; };
		2CA38D042CD1428D0031BB0C /* Glass_Break-stephan_schutze-958181291.wav in Resources */ = {isa = PBXBuildFile; fileRef = 2CA38D032CD1428D0031BB0C /* Glass_Break-stephan_schutze-958181291.wav */; };
		2CA3D5A02D28292A00EDE9CF /* iPadMenuButtonsViewV.swift in Sources */ = {isa = PBXBuildFile; fileRef = 2CA3D59F2D28292A00EDE9CF /* iPadMenuButtonsViewV.swift */; };
		2CA3D5A82D2D4D5A00EDE9CF /* iPadAboutViewV.swift in Sources */ = {isa = PBXBuildFile; fileRef = 2CA3D5A72D2D4D5A00EDE9CF /* iPadAboutViewV.swift */; };
		2CA3D5AA2D2D670500EDE9CF /* iPadMainViewH.swift in Sources */ = {isa = PBXBuildFile; fileRef = 2CA3D5A92D2D670500EDE9CF /* iPadMainViewH.swift */; };
		2CA3D5AC2D2D76F500EDE9CF /* iPadMenuViewH.swift in Sources */ = {isa = PBXBuildFile; fileRef = 2CA3D5AB2D2D76F500EDE9CF /* iPadMenuViewH.swift */; };
		2CA3D5AE2D2D7F2900EDE9CF /* iPadBattleViewH.swift in Sources */ = {isa = PBXBuildFile; fileRef = 2CA3D5AD2D2D7F2900EDE9CF /* iPadBattleViewH.swift */; };
		2CA3D5B02D2D823C00EDE9CF /* iPadMenuBattonsViewH.swift in Sources */ = {isa = PBXBuildFile; fileRef = 2CA3D5AF2D2D823C00EDE9CF /* iPadMenuBattonsViewH.swift */; };
		2CA3D5B22D2DA66300EDE9CF /* iPadAboutViewH.swift in Sources */ = {isa = PBXBuildFile; fileRef = 2CA3D5B12D2DA66300EDE9CF /* iPadAboutViewH.swift */; };
		2CA3D5B42D2DA8BC00EDE9CF /* iPadMainViewV.swift in Sources */ = {isa = PBXBuildFile; fileRef = 2CA3D5B32D2DA8BC00EDE9CF /* iPadMainViewV.swift */; };
		2CA3D5B62D2DB29800EDE9CF /* iPadBattleView.swift in Sources */ = {isa = PBXBuildFile; fileRef = 2CA3D5B52D2DB29700EDE9CF /* iPadBattleView.swift */; };
		2CA3D5B82D2DBB3800EDE9CF /* iPadAboutView.swift in Sources */ = {isa = PBXBuildFile; fileRef = 2CA3D5B72D2DBB3800EDE9CF /* iPadAboutView.swift */; };
		2CC35ACB2C4AACE8009138FF /* GameLogicViewModel.swift in Sources */ = {isa = PBXBuildFile; fileRef = 2CC35ACA2C4AACE8009138FF /* GameLogicViewModel.swift */; };
		2CE3E3EF2CB41AA0003AF40E /* blast_onfire2.wav in Resources */ = {isa = PBXBuildFile; fileRef = 2CE3E3E92CB41AA0003AF40E /* blast_onfire2.wav */; };
		2CE3E3F02CB41AA0003AF40E /* defeat_sound.wav in Resources */ = {isa = PBXBuildFile; fileRef = 2CE3E3EB2CB41AA0003AF40E /* defeat_sound.wav */; };
		2CE3E3F12CB41AA0003AF40E /* Battles_on_the_High_Seas.mp3 in Resources */ = {isa = PBXBuildFile; fileRef = 2CE3E3E72CB41AA0003AF40E /* Battles_on_the_High_Seas.mp3 */; };
		2CE3E3F22CB41AA0003AF40E /* blast_missed.wav in Resources */ = {isa = PBXBuildFile; fileRef = 2CE3E3E82CB41AA0003AF40E /* blast_missed.wav */; };
		2CE3E3F32CB41AA0003AF40E /* click_sound.wav in Resources */ = {isa = PBXBuildFile; fileRef = 2CE3E3EA2CB41AA0003AF40E /* click_sound.wav */; };
		2CE3E3F42CB41AA0003AF40E /* start_sound.wav in Resources */ = {isa = PBXBuildFile; fileRef = 2CE3E3EC2CB41AA0003AF40E /* start_sound.wav */; };
		2CE3E3F52CB41AA0003AF40E /* victory_sound.wav in Resources */ = {isa = PBXBuildFile; fileRef = 2CE3E3ED2CB41AA0003AF40E /* victory_sound.wav */; };
		2CED70BD2C7C9F520006546F /* WoodenButton.swift in Sources */ = {isa = PBXBuildFile; fileRef = 2CED70BC2C7C9F520006546F /* WoodenButton.swift */; };
/* End PBXBuildFile section */

/* Begin PBXFileReference section */
		2C1271492C81F2C7001548F4 /* GameScoreView.swift */ = {isa = PBXFileReference; lastKnownFileType = sourcecode.swift; path = GameScoreView.swift; sourceTree = "<group>"; };
		2C12714B2C831194001548F4 /* Dorsa-Regular.ttf */ = {isa = PBXFileReference; lastKnownFileType = file; path = "Dorsa-Regular.ttf"; sourceTree = "<group>"; };
		2C12714D2C85E047001548F4 /* CustomTabView.swift */ = {isa = PBXFileReference; lastKnownFileType = sourcecode.swift; path = CustomTabView.swift; sourceTree = "<group>"; };
		2C1914B12D1EDF0F004A095B /* ContactsView.swift */ = {isa = PBXFileReference; lastKnownFileType = sourcecode.swift; path = ContactsView.swift; sourceTree = "<group>"; };
		2C2336622D19A0AE008055C7 /* CustomRoundedRectangle.swift */ = {isa = PBXFileReference; lastKnownFileType = sourcecode.swift; path = CustomRoundedRectangle.swift; sourceTree = "<group>"; };
		2C2336662D19DC02008055C7 /* iPadStartMenuView.swift */ = {isa = PBXFileReference; lastKnownFileType = sourcecode.swift; path = iPadStartMenuView.swift; sourceTree = "<group>"; };
		2C28DAF62D12F14200A9BC19 /* AppState.swift */ = {isa = PBXFileReference; lastKnownFileType = sourcecode.swift; path = AppState.swift; sourceTree = "<group>"; };
		2C28DAFA2D159FC600A9BC19 /* iPadMainView.swift */ = {isa = PBXFileReference; lastKnownFileType = sourcecode.swift; path = iPadMainView.swift; sourceTree = "<group>"; };
		2C28DAFE2D15AEB000A9BC19 /* iPadBattleViewV.swift */ = {isa = PBXFileReference; lastKnownFileType = sourcecode.swift; path = iPadBattleViewV.swift; sourceTree = "<group>"; };
		2C28DB002D15B9F900A9BC19 /* iPadMenuViewV.swift */ = {isa = PBXFileReference; lastKnownFileType = sourcecode.swift; path = iPadMenuViewV.swift; sourceTree = "<group>"; };
		2C385F312C4A9DAA00543AC9 /* ShipReplacementView.swift */ = {isa = PBXFileReference; lastKnownFileType = sourcecode.swift; path = ShipReplacementView.swift; sourceTree = "<group>"; };
		2C403C4E2D006B6700E2A386 /* InformationView.swift */ = {isa = PBXFileReference; lastKnownFileType = sourcecode.swift; path = InformationView.swift; sourceTree = "<group>"; };
		2C403C502D00B0D800E2A386 /* SettingsView.swift */ = {isa = PBXFileReference; lastKnownFileType = sourcecode.swift; path = SettingsView.swift; sourceTree = "<group>"; };
		2C4AE0EA2C875FC90013DF12 /* Aldrich-Regular.ttf */ = {isa = PBXFileReference; lastKnownFileType = file; path = "Aldrich-Regular.ttf"; sourceTree = "<group>"; };
		2C4AE0EC2C89CE880013DF12 /* WinAlertView.swift */ = {isa = PBXFileReference; lastKnownFileType = sourcecode.swift; path = WinAlertView.swift; sourceTree = "<group>"; };
		2C6A846D2B6E99620001A20C /* SeaBattle.app */ = {isa = PBXFileReference; explicitFileType = wrapper.application; includeInIndex = 0; path = SeaBattle.app; sourceTree = BUILT_PRODUCTS_DIR; };
		2C6A84702B6E99620001A20C /* SeaBattleApp.swift */ = {isa = PBXFileReference; lastKnownFileType = sourcecode.swift; path = SeaBattleApp.swift; sourceTree = "<group>"; };
		2C6A84722B6E99620001A20C /* ContentView.swift */ = {isa = PBXFileReference; lastKnownFileType = sourcecode.swift; path = ContentView.swift; sourceTree = "<group>"; };
		2C6A84742B6E99640001A20C /* Assets.xcassets */ = {isa = PBXFileReference; lastKnownFileType = folder.assetcatalog; path = Assets.xcassets; sourceTree = "<group>"; };
		2C6A84772B6E99640001A20C /* Preview Assets.xcassets */ = {isa = PBXFileReference; lastKnownFileType = folder.assetcatalog; path = "Preview Assets.xcassets"; sourceTree = "<group>"; };
		2C6A847E2B6E99BA0001A20C /* EnemyFieldView.swift */ = {isa = PBXFileReference; lastKnownFileType = sourcecode.swift; path = EnemyFieldView.swift; sourceTree = "<group>"; };
		2C6A84822B723C0E0001A20C /* AboutView.swift */ = {isa = PBXFileReference; lastKnownFileType = sourcecode.swift; path = AboutView.swift; sourceTree = "<group>"; };
		2C6A84842B723C660001A20C /* PlayerData.swift */ = {isa = PBXFileReference; lastKnownFileType = sourcecode.swift; path = PlayerData.swift; sourceTree = "<group>"; };
		2C6A84862B723C990001A20C /* Ship.swift */ = {isa = PBXFileReference; lastKnownFileType = sourcecode.swift; path = Ship.swift; sourceTree = "<group>"; };
		2C6A84882B73D3960001A20C /* PlayerFieldView.swift */ = {isa = PBXFileReference; lastKnownFileType = sourcecode.swift; path = PlayerFieldView.swift; sourceTree = "<group>"; };
		2C900E7F2C415CF7005BD968 /* CellView.swift */ = {isa = PBXFileReference; lastKnownFileType = sourcecode.swift; path = CellView.swift; sourceTree = "<group>"; };
		2C900E872C416963005BD968 /* Cell.swift */ = {isa = PBXFileReference; lastKnownFileType = sourcecode.swift; path = Cell.swift; sourceTree = "<group>"; };
		2CA0169C2C8B1847000C2E3A /* ShipView.swift */ = {isa = PBXFileReference; lastKnownFileType = sourcecode.swift; path = ShipView.swift; sourceTree = "<group>"; };
		2CA016A02C94B186000C2E3A /* ShipReplacementViewViewModel.swift */ = {isa = PBXFileReference; lastKnownFileType = sourcecode.swift; path = ShipReplacementViewViewModel.swift; sourceTree = "<group>"; };
		2CA38D032CD1428D0031BB0C /* Glass_Break-stephan_schutze-958181291.wav */ = {isa = PBXFileReference; lastKnownFileType = audio.wav; path = "Glass_Break-stephan_schutze-958181291.wav"; sourceTree = "<group>"; };
		2CA3D59F2D28292A00EDE9CF /* iPadMenuButtonsViewV.swift */ = {isa = PBXFileReference; lastKnownFileType = sourcecode.swift; path = iPadMenuButtonsViewV.swift; sourceTree = "<group>"; };
		2CA3D5A72D2D4D5A00EDE9CF /* iPadAboutViewV.swift */ = {isa = PBXFileReference; lastKnownFileType = sourcecode.swift; path = iPadAboutViewV.swift; sourceTree = "<group>"; };
		2CA3D5A92D2D670500EDE9CF /* iPadMainViewH.swift */ = {isa = PBXFileReference; lastKnownFileType = sourcecode.swift; path = iPadMainViewH.swift; sourceTree = "<group>"; };
		2CA3D5AB2D2D76F500EDE9CF /* iPadMenuViewH.swift */ = {isa = PBXFileReference; lastKnownFileType = sourcecode.swift; path = iPadMenuViewH.swift; sourceTree = "<group>"; };
		2CA3D5AD2D2D7F2900EDE9CF /* iPadBattleViewH.swift */ = {isa = PBXFileReference; lastKnownFileType = sourcecode.swift; path = iPadBattleViewH.swift; sourceTree = "<group>"; };
		2CA3D5AF2D2D823C00EDE9CF /* iPadMenuBattonsViewH.swift */ = {isa = PBXFileReference; lastKnownFileType = sourcecode.swift; path = iPadMenuBattonsViewH.swift; sourceTree = "<group>"; };
		2CA3D5B12D2DA66300EDE9CF /* iPadAboutViewH.swift */ = {isa = PBXFileReference; lastKnownFileType = sourcecode.swift; path = iPadAboutViewH.swift; sourceTree = "<group>"; };
		2CA3D5B32D2DA8BC00EDE9CF /* iPadMainViewV.swift */ = {isa = PBXFileReference; lastKnownFileType = sourcecode.swift; path = iPadMainViewV.swift; sourceTree = "<group>"; };
		2CA3D5B52D2DB29700EDE9CF /* iPadBattleView.swift */ = {isa = PBXFileReference; lastKnownFileType = sourcecode.swift; path = iPadBattleView.swift; sourceTree = "<group>"; };
		2CA3D5B72D2DBB3800EDE9CF /* iPadAboutView.swift */ = {isa = PBXFileReference; lastKnownFileType = sourcecode.swift; path = iPadAboutView.swift; sourceTree = "<group>"; };
		2CC35ACA2C4AACE8009138FF /* GameLogicViewModel.swift */ = {isa = PBXFileReference; lastKnownFileType = sourcecode.swift; path = GameLogicViewModel.swift; sourceTree = "<group>"; };
		2CE3E3E72CB41AA0003AF40E /* Battles_on_the_High_Seas.mp3 */ = {isa = PBXFileReference; lastKnownFileType = audio.mp3; path = Battles_on_the_High_Seas.mp3; sourceTree = "<group>"; };
		2CE3E3E82CB41AA0003AF40E /* blast_missed.wav */ = {isa = PBXFileReference; lastKnownFileType = audio.wav; path = blast_missed.wav; sourceTree = "<group>"; };
		2CE3E3E92CB41AA0003AF40E /* blast_onfire2.wav */ = {isa = PBXFileReference; lastKnownFileType = audio.wav; path = blast_onfire2.wav; sourceTree = "<group>"; };
		2CE3E3EA2CB41AA0003AF40E /* click_sound.wav */ = {isa = PBXFileReference; lastKnownFileType = audio.wav; path = click_sound.wav; sourceTree = "<group>"; };
		2CE3E3EB2CB41AA0003AF40E /* defeat_sound.wav */ = {isa = PBXFileReference; lastKnownFileType = audio.wav; path = defeat_sound.wav; sourceTree = "<group>"; };
		2CE3E3EC2CB41AA0003AF40E /* start_sound.wav */ = {isa = PBXFileReference; lastKnownFileType = audio.wav; path = start_sound.wav; sourceTree = "<group>"; };
		2CE3E3ED2CB41AA0003AF40E /* victory_sound.wav */ = {isa = PBXFileReference; lastKnownFileType = audio.wav; path = victory_sound.wav; sourceTree = "<group>"; };
		2CED70AF2C78E00D0006546F /* Info.plist */ = {isa = PBXFileReference; lastKnownFileType = text.plist; path = Info.plist; sourceTree = "<group>"; };
		2CED70BC2C7C9F520006546F /* WoodenButton.swift */ = {isa = PBXFileReference; lastKnownFileType = sourcecode.swift; path = WoodenButton.swift; sourceTree = "<group>"; };
/* End PBXFileReference section */

/* Begin PBXFrameworksBuildPhase section */
		2C6A846A2B6E99620001A20C /* Frameworks */ = {
			isa = PBXFrameworksBuildPhase;
			buildActionMask = 2147483647;
			files = (
			);
			runOnlyForDeploymentPostprocessing = 0;
		};
/* End PBXFrameworksBuildPhase section */

/* Begin PBXGroup section */
		2C6A84642B6E99620001A20C = {
			isa = PBXGroup;
			children = (
				2C6A846F2B6E99620001A20C /* SeaBattle */,
				2C6A846E2B6E99620001A20C /* Products */,
			);
			sourceTree = "<group>";
		};
		2C6A846E2B6E99620001A20C /* Products */ = {
			isa = PBXGroup;
			children = (
				2C6A846D2B6E99620001A20C /* SeaBattle.app */,
			);
			name = Products;
			sourceTree = "<group>";
		};
		2C6A846F2B6E99620001A20C /* SeaBattle */ = {
			isa = PBXGroup;
			children = (
				2CED70AF2C78E00D0006546F /* Info.plist */,
				2C6A84702B6E99620001A20C /* SeaBattleApp.swift */,
				2CA3D5A22D2D4B1500EDE9CF /* iPhone */,
				2CA3D5A12D2D4A9000EDE9CF /* iPad */,
				2C403C502D00B0D800E2A386 /* SettingsView.swift */,
				2C2336622D19A0AE008055C7 /* CustomRoundedRectangle.swift */,
				2C4AE0EC2C89CE880013DF12 /* WinAlertView.swift */,
				2CC35ACA2C4AACE8009138FF /* GameLogicViewModel.swift */,
				2C403C4E2D006B6700E2A386 /* InformationView.swift */,
				2C1914B12D1EDF0F004A095B /* ContactsView.swift */,
				2C28DAF62D12F14200A9BC19 /* AppState.swift */,
				2C6A84842B723C660001A20C /* PlayerData.swift */,
				2C900E7F2C415CF7005BD968 /* CellView.swift */,
				2C385F312C4A9DAA00543AC9 /* ShipReplacementView.swift */,
				2CA016A02C94B186000C2E3A /* ShipReplacementViewViewModel.swift */,
				2CA0169C2C8B1847000C2E3A /* ShipView.swift */,
				2CED70BC2C7C9F520006546F /* WoodenButton.swift */,
				2C6A84862B723C990001A20C /* Ship.swift */,
				2C900E872C416963005BD968 /* Cell.swift */,
				2C6A84742B6E99640001A20C /* Assets.xcassets */,
				2C4AE0EA2C875FC90013DF12 /* Aldrich-Regular.ttf */,
				2C12714B2C831194001548F4 /* Dorsa-Regular.ttf */,
				2C6A84762B6E99640001A20C /* Preview Content */,
				2CE3E3EE2CB41AA0003AF40E /* Sound */,
			);
			path = SeaBattle;
			sourceTree = "<group>";
		};
		2C6A84762B6E99640001A20C /* Preview Content */ = {
			isa = PBXGroup;
			children = (
				2C6A84772B6E99640001A20C /* Preview Assets.xcassets */,
			);
			path = "Preview Content";
			sourceTree = "<group>";
		};
		2CA3D5A12D2D4A9000EDE9CF /* iPad */ = {
			isa = PBXGroup;
			children = (
				2C2336662D19DC02008055C7 /* iPadStartMenuView.swift */,
				2C28DAFA2D159FC600A9BC19 /* iPadMainView.swift */,
				2CA3D5B32D2DA8BC00EDE9CF /* iPadMainViewV.swift */,
				2CA3D5A92D2D670500EDE9CF /* iPadMainViewH.swift */,
				2C28DB002D15B9F900A9BC19 /* iPadMenuViewV.swift */,
				2CA3D5AB2D2D76F500EDE9CF /* iPadMenuViewH.swift */,
				2CA3D5B52D2DB29700EDE9CF /* iPadBattleView.swift */,
				2C28DAFE2D15AEB000A9BC19 /* iPadBattleViewV.swift */,
				2CA3D5AD2D2D7F2900EDE9CF /* iPadBattleViewH.swift */,
				2CA3D59F2D28292A00EDE9CF /* iPadMenuButtonsViewV.swift */,
				2CA3D5AF2D2D823C00EDE9CF /* iPadMenuBattonsViewH.swift */,
				2CA3D5B72D2DBB3800EDE9CF /* iPadAboutView.swift */,
				2CA3D5A72D2D4D5A00EDE9CF /* iPadAboutViewV.swift */,
				2CA3D5B12D2DA66300EDE9CF /* iPadAboutViewH.swift */,
			);
			path = iPad;
			sourceTree = "<group>";
		};
		2CA3D5A22D2D4B1500EDE9CF /* iPhone */ = {
			isa = PBXGroup;
			children = (
				2C6A84722B6E99620001A20C /* ContentView.swift */,
				2C12714D2C85E047001548F4 /* CustomTabView.swift */,
				2C6A84882B73D3960001A20C /* PlayerFieldView.swift */,
				2C1271492C81F2C7001548F4 /* GameScoreView.swift */,
				2C6A847E2B6E99BA0001A20C /* EnemyFieldView.swift */,
				2C6A84822B723C0E0001A20C /* AboutView.swift */,
			);
			path = iPhone;
			sourceTree = "<group>";
		};
		2CE3E3EE2CB41AA0003AF40E /* Sound */ = {
			isa = PBXGroup;
			children = (
				2CE3E3E72CB41AA0003AF40E /* Battles_on_the_High_Seas.mp3 */,
				2CE3E3E82CB41AA0003AF40E /* blast_missed.wav */,
				2CE3E3E92CB41AA0003AF40E /* blast_onfire2.wav */,
				2CE3E3EA2CB41AA0003AF40E /* click_sound.wav */,
				2CE3E3EB2CB41AA0003AF40E /* defeat_sound.wav */,
				2CE3E3EC2CB41AA0003AF40E /* start_sound.wav */,
				2CE3E3ED2CB41AA0003AF40E /* victory_sound.wav */,
				2CA38D032CD1428D0031BB0C /* Glass_Break-stephan_schutze-958181291.wav */,
			);
			path = Sound;
			sourceTree = "<group>";
		};
/* End PBXGroup section */

/* Begin PBXNativeTarget section */
		2C6A846C2B6E99620001A20C /* SeaBattle */ = {
			isa = PBXNativeTarget;
			buildConfigurationList = 2C6A847B2B6E99640001A20C /* Build configuration list for PBXNativeTarget "SeaBattle" */;
			buildPhases = (
				2C6A84692B6E99620001A20C /* Sources */,
				2C6A846A2B6E99620001A20C /* Frameworks */,
				2C6A846B2B6E99620001A20C /* Resources */,
			);
			buildRules = (
			);
			dependencies = (
			);
			name = SeaBattle;
			productName = SeaBattle;
			productReference = 2C6A846D2B6E99620001A20C /* SeaBattle.app */;
			productType = "com.apple.product-type.application";
		};
/* End PBXNativeTarget section */

/* Begin PBXProject section */
		2C6A84652B6E99620001A20C /* Project object */ = {
			isa = PBXProject;
			attributes = {
				BuildIndependentTargetsInParallel = 1;
				LastSwiftUpdateCheck = 1520;
				LastUpgradeCheck = 1520;
				TargetAttributes = {
					2C6A846C2B6E99620001A20C = {
						CreatedOnToolsVersion = 15.2;
					};
				};
			};
			buildConfigurationList = 2C6A84682B6E99620001A20C /* Build configuration list for PBXProject "SeaBattle" */;
			compatibilityVersion = "Xcode 14.0";
			developmentRegion = en;
			hasScannedForEncodings = 0;
			knownRegions = (
				en,
				Base,
			);
			mainGroup = 2C6A84642B6E99620001A20C;
			productRefGroup = 2C6A846E2B6E99620001A20C /* Products */;
			projectDirPath = "";
			projectRoot = "";
			targets = (
				2C6A846C2B6E99620001A20C /* SeaBattle */,
			);
		};
/* End PBXProject section */

/* Begin PBXResourcesBuildPhase section */
		2C6A846B2B6E99620001A20C /* Resources */ = {
			isa = PBXResourcesBuildPhase;
			buildActionMask = 2147483647;
			files = (
				2CA38D042CD1428D0031BB0C /* Glass_Break-stephan_schutze-958181291.wav in Resources */,
				2C6A84782B6E99640001A20C /* Preview Assets.xcassets in Resources */,
				2C4AE0EB2C875FC90013DF12 /* Aldrich-Regular.ttf in Resources */,
				2C12714C2C831194001548F4 /* Dorsa-Regular.ttf in Resources */,
				2C6A84752B6E99640001A20C /* Assets.xcassets in Resources */,
				2CE3E3EF2CB41AA0003AF40E /* blast_onfire2.wav in Resources */,
				2CE3E3F02CB41AA0003AF40E /* defeat_sound.wav in Resources */,
				2CE3E3F12CB41AA0003AF40E /* Battles_on_the_High_Seas.mp3 in Resources */,
				2CE3E3F22CB41AA0003AF40E /* blast_missed.wav in Resources */,
				2CE3E3F32CB41AA0003AF40E /* click_sound.wav in Resources */,
				2CE3E3F42CB41AA0003AF40E /* start_sound.wav in Resources */,
				2CE3E3F52CB41AA0003AF40E /* victory_sound.wav in Resources */,
			);
			runOnlyForDeploymentPostprocessing = 0;
		};
/* End PBXResourcesBuildPhase section */

/* Begin PBXSourcesBuildPhase section */
		2C6A84692B6E99620001A20C /* Sources */ = {
			isa = PBXSourcesBuildPhase;
			buildActionMask = 2147483647;
			files = (
				2C6A84732B6E99620001A20C /* ContentView.swift in Sources */,
				2C6A84852B723C660001A20C /* PlayerData.swift in Sources */,
				2CA3D5B42D2DA8BC00EDE9CF /* iPadMainViewV.swift in Sources */,
				2C2336672D19DC02008055C7 /* iPadStartMenuView.swift in Sources */,
				2CA3D5AC2D2D76F500EDE9CF /* iPadMenuViewH.swift in Sources */,
				2CA3D5B82D2DBB3800EDE9CF /* iPadAboutView.swift in Sources */,
				2CA3D5A82D2D4D5A00EDE9CF /* iPadAboutViewV.swift in Sources */,
				2C2336632D19A0AE008055C7 /* CustomRoundedRectangle.swift in Sources */,
				2CA3D5AA2D2D670500EDE9CF /* iPadMainViewH.swift in Sources */,
				2C28DAFF2D15AEB000A9BC19 /* iPadBattleViewV.swift in Sources */,
				2CA016A12C94B186000C2E3A /* ShipReplacementViewViewModel.swift in Sources */,
				2C6A84712B6E99620001A20C /* SeaBattleApp.swift in Sources */,
				2C403C512D00B0D800E2A386 /* SettingsView.swift in Sources */,
				2C6A84892B73D3960001A20C /* PlayerFieldView.swift in Sources */,
				2C4AE0ED2C89CE880013DF12 /* WinAlertView.swift in Sources */,
				2C1914B22D1EDF0F004A095B /* ContactsView.swift in Sources */,
				2C28DAFB2D159FC600A9BC19 /* iPadMainView.swift in Sources */,
				2CED70BD2C7C9F520006546F /* WoodenButton.swift in Sources */,
				2CA3D5B62D2DB29800EDE9CF /* iPadBattleView.swift in Sources */,
				2C28DB012D15B9F900A9BC19 /* iPadMenuViewV.swift in Sources */,
				2C28DAF72D12F14200A9BC19 /* AppState.swift in Sources */,
				2CC35ACB2C4AACE8009138FF /* GameLogicViewModel.swift in Sources */,
				2CA3D5A02D28292A00EDE9CF /* iPadMenuButtonsViewV.swift in Sources */,
				2C12714A2C81F2C7001548F4 /* GameScoreView.swift in Sources */,
				2C900E882C416963005BD968 /* Cell.swift in Sources */,
				2CA0169D2C8B1847000C2E3A /* ShipView.swift in Sources */,
				2CA3D5B02D2D823C00EDE9CF /* iPadMenuBattonsViewH.swift in Sources */,
				2CA3D5B22D2DA66300EDE9CF /* iPadAboutViewH.swift in Sources */,
				2C900E802C415CF7005BD968 /* CellView.swift in Sources */,
				2C6A847F2B6E99BA0001A20C /* EnemyFieldView.swift in Sources */,
				2C6A84872B723C990001A20C /* Ship.swift in Sources */,
				2C12714E2C85E047001548F4 /* CustomTabView.swift in Sources */,
				2CA3D5AE2D2D7F2900EDE9CF /* iPadBattleViewH.swift in Sources */,
				2C6A84832B723C0E0001A20C /* AboutView.swift in Sources */,
				2C403C4F2D006B6800E2A386 /* InformationView.swift in Sources */,
				2C385F322C4A9DAA00543AC9 /* ShipReplacementView.swift in Sources */,
			);
			runOnlyForDeploymentPostprocessing = 0;
		};
/* End PBXSourcesBuildPhase section */

/* Begin XCBuildConfiguration section */
		2C6A84792B6E99640001A20C /* Debug */ = {
			isa = XCBuildConfiguration;
			buildSettings = {
				ALWAYS_SEARCH_USER_PATHS = NO;
				ASSETCATALOG_COMPILER_GENERATE_SWIFT_ASSET_SYMBOL_EXTENSIONS = YES;
				CLANG_ANALYZER_NONNULL = YES;
				CLANG_ANALYZER_NUMBER_OBJECT_CONVERSION = YES_AGGRESSIVE;
				CLANG_CXX_LANGUAGE_STANDARD = "gnu++20";
				CLANG_ENABLE_MODULES = YES;
				CLANG_ENABLE_OBJC_ARC = YES;
				CLANG_ENABLE_OBJC_WEAK = YES;
				CLANG_WARN_BLOCK_CAPTURE_AUTORELEASING = YES;
				CLANG_WARN_BOOL_CONVERSION = YES;
				CLANG_WARN_COMMA = YES;
				CLANG_WARN_CONSTANT_CONVERSION = YES;
				CLANG_WARN_DEPRECATED_OBJC_IMPLEMENTATIONS = YES;
				CLANG_WARN_DIRECT_OBJC_ISA_USAGE = YES_ERROR;
				CLANG_WARN_DOCUMENTATION_COMMENTS = YES;
				CLANG_WARN_EMPTY_BODY = YES;
				CLANG_WARN_ENUM_CONVERSION = YES;
				CLANG_WARN_INFINITE_RECURSION = YES;
				CLANG_WARN_INT_CONVERSION = YES;
				CLANG_WARN_NON_LITERAL_NULL_CONVERSION = YES;
				CLANG_WARN_OBJC_IMPLICIT_RETAIN_SELF = YES;
				CLANG_WARN_OBJC_LITERAL_CONVERSION = YES;
				CLANG_WARN_OBJC_ROOT_CLASS = YES_ERROR;
				CLANG_WARN_QUOTED_INCLUDE_IN_FRAMEWORK_HEADER = YES;
				CLANG_WARN_RANGE_LOOP_ANALYSIS = YES;
				CLANG_WARN_STRICT_PROTOTYPES = YES;
				CLANG_WARN_SUSPICIOUS_MOVE = YES;
				CLANG_WARN_UNGUARDED_AVAILABILITY = YES_AGGRESSIVE;
				CLANG_WARN_UNREACHABLE_CODE = YES;
				CLANG_WARN__DUPLICATE_METHOD_MATCH = YES;
				COPY_PHASE_STRIP = NO;
				DEBUG_INFORMATION_FORMAT = dwarf;
				ENABLE_STRICT_OBJC_MSGSEND = YES;
				ENABLE_TESTABILITY = YES;
				ENABLE_USER_SCRIPT_SANDBOXING = YES;
				GCC_C_LANGUAGE_STANDARD = gnu17;
				GCC_DYNAMIC_NO_PIC = NO;
				GCC_NO_COMMON_BLOCKS = YES;
				GCC_OPTIMIZATION_LEVEL = 0;
				GCC_PREPROCESSOR_DEFINITIONS = (
					"DEBUG=1",
					"$(inherited)",
				);
				GCC_WARN_64_TO_32_BIT_CONVERSION = YES;
				GCC_WARN_ABOUT_RETURN_TYPE = YES_ERROR;
				GCC_WARN_UNDECLARED_SELECTOR = YES;
				GCC_WARN_UNINITIALIZED_AUTOS = YES_AGGRESSIVE;
				GCC_WARN_UNUSED_FUNCTION = YES;
				GCC_WARN_UNUSED_VARIABLE = YES;
				IPHONEOS_DEPLOYMENT_TARGET = 17.6;
				LOCALIZATION_PREFERS_STRING_CATALOGS = YES;
				MTL_ENABLE_DEBUG_INFO = INCLUDE_SOURCE;
				MTL_FAST_MATH = YES;
				ONLY_ACTIVE_ARCH = YES;
				SDKROOT = iphoneos;
				SWIFT_ACTIVE_COMPILATION_CONDITIONS = "DEBUG $(inherited)";
				SWIFT_OPTIMIZATION_LEVEL = "-Onone";
			};
			name = Debug;
		};
		2C6A847A2B6E99640001A20C /* Release */ = {
			isa = XCBuildConfiguration;
			buildSettings = {
				ALWAYS_SEARCH_USER_PATHS = NO;
				ASSETCATALOG_COMPILER_GENERATE_SWIFT_ASSET_SYMBOL_EXTENSIONS = YES;
				CLANG_ANALYZER_NONNULL = YES;
				CLANG_ANALYZER_NUMBER_OBJECT_CONVERSION = YES_AGGRESSIVE;
				CLANG_CXX_LANGUAGE_STANDARD = "gnu++20";
				CLANG_ENABLE_MODULES = YES;
				CLANG_ENABLE_OBJC_ARC = YES;
				CLANG_ENABLE_OBJC_WEAK = YES;
				CLANG_WARN_BLOCK_CAPTURE_AUTORELEASING = YES;
				CLANG_WARN_BOOL_CONVERSION = YES;
				CLANG_WARN_COMMA = YES;
				CLANG_WARN_CONSTANT_CONVERSION = YES;
				CLANG_WARN_DEPRECATED_OBJC_IMPLEMENTATIONS = YES;
				CLANG_WARN_DIRECT_OBJC_ISA_USAGE = YES_ERROR;
				CLANG_WARN_DOCUMENTATION_COMMENTS = YES;
				CLANG_WARN_EMPTY_BODY = YES;
				CLANG_WARN_ENUM_CONVERSION = YES;
				CLANG_WARN_INFINITE_RECURSION = YES;
				CLANG_WARN_INT_CONVERSION = YES;
				CLANG_WARN_NON_LITERAL_NULL_CONVERSION = YES;
				CLANG_WARN_OBJC_IMPLICIT_RETAIN_SELF = YES;
				CLANG_WARN_OBJC_LITERAL_CONVERSION = YES;
				CLANG_WARN_OBJC_ROOT_CLASS = YES_ERROR;
				CLANG_WARN_QUOTED_INCLUDE_IN_FRAMEWORK_HEADER = YES;
				CLANG_WARN_RANGE_LOOP_ANALYSIS = YES;
				CLANG_WARN_STRICT_PROTOTYPES = YES;
				CLANG_WARN_SUSPICIOUS_MOVE = YES;
				CLANG_WARN_UNGUARDED_AVAILABILITY = YES_AGGRESSIVE;
				CLANG_WARN_UNREACHABLE_CODE = YES;
				CLANG_WARN__DUPLICATE_METHOD_MATCH = YES;
				COPY_PHASE_STRIP = NO;
				DEBUG_INFORMATION_FORMAT = "dwarf-with-dsym";
				ENABLE_NS_ASSERTIONS = NO;
				ENABLE_STRICT_OBJC_MSGSEND = YES;
				ENABLE_USER_SCRIPT_SANDBOXING = YES;
				GCC_C_LANGUAGE_STANDARD = gnu17;
				GCC_NO_COMMON_BLOCKS = YES;
				GCC_WARN_64_TO_32_BIT_CONVERSION = YES;
				GCC_WARN_ABOUT_RETURN_TYPE = YES_ERROR;
				GCC_WARN_UNDECLARED_SELECTOR = YES;
				GCC_WARN_UNINITIALIZED_AUTOS = YES_AGGRESSIVE;
				GCC_WARN_UNUSED_FUNCTION = YES;
				GCC_WARN_UNUSED_VARIABLE = YES;
				IPHONEOS_DEPLOYMENT_TARGET = 17.6;
				LOCALIZATION_PREFERS_STRING_CATALOGS = YES;
				MTL_ENABLE_DEBUG_INFO = NO;
				MTL_FAST_MATH = YES;
				SDKROOT = iphoneos;
				SWIFT_COMPILATION_MODE = wholemodule;
				VALIDATE_PRODUCT = YES;
			};
			name = Release;
		};
		2C6A847C2B6E99640001A20C /* Debug */ = {
			isa = XCBuildConfiguration;
			buildSettings = {
				ASSETCATALOG_COMPILER_APPICON_NAME = AppIcon;
				ASSETCATALOG_COMPILER_GLOBAL_ACCENT_COLOR_NAME = AccentColor;
				ASSETCATALOG_COMPILER_INCLUDE_ALL_APPICON_ASSETS = YES;
				CODE_SIGN_IDENTITY = "Apple Development";
				CODE_SIGN_STYLE = Automatic;
				CURRENT_PROJECT_VERSION = 4;
				DEVELOPMENT_ASSET_PATHS = "\"SeaBattle/Preview Content\"";
				DEVELOPMENT_TEAM = P4W6GGN5KK;
				ENABLE_PREVIEWS = YES;
				GENERATE_INFOPLIST_FILE = YES;
				INFOPLIST_FILE = SeaBattle/Info.plist;
				INFOPLIST_KEY_CFBundleDisplayName = "Sea Battle";
				INFOPLIST_KEY_LSApplicationCategoryType = "public.app-category.board-games";
				INFOPLIST_KEY_UIApplicationSceneManifest_Generation = YES;
				INFOPLIST_KEY_UIApplicationSupportsIndirectInputEvents = YES;
				INFOPLIST_KEY_UILaunchStoryboardName = "";
				INFOPLIST_KEY_UIRequiresFullScreen = YES;
				INFOPLIST_KEY_UIStatusBarHidden = YES;
				INFOPLIST_KEY_UISupportedInterfaceOrientations = "UIInterfaceOrientationPortrait UIInterfaceOrientationPortraitUpsideDown";
				INFOPLIST_KEY_UISupportedInterfaceOrientations_iPad = "UIInterfaceOrientationLandscapeLeft UIInterfaceOrientationLandscapeRight UIInterfaceOrientationPortrait UIInterfaceOrientationPortraitUpsideDown";
				IPHONEOS_DEPLOYMENT_TARGET = 16.0;
				LD_RUNPATH_SEARCH_PATHS = (
					"$(inherited)",
					"@executable_path/Frameworks",
				);
				MARKETING_VERSION = 2.1;
				PRODUCT_BUNDLE_IDENTIFIER = nl.brapps.SeaBattle;
				PRODUCT_NAME = "$(TARGET_NAME)";
				PROVISIONING_PROFILE_SPECIFIER = "";
				SUPPORTED_PLATFORMS = "iphoneos iphonesimulator";
				SUPPORTS_MACCATALYST = NO;
				SUPPORTS_MAC_DESIGNED_FOR_IPHONE_IPAD = NO;
				SUPPORTS_XR_DESIGNED_FOR_IPHONE_IPAD = NO;
				SWIFT_EMIT_LOC_STRINGS = YES;
				SWIFT_VERSION = 5.0;
				TARGETED_DEVICE_FAMILY = "1,2";
			};
			name = Debug;
		};
		2C6A847D2B6E99640001A20C /* Release */ = {
			isa = XCBuildConfiguration;
			buildSettings = {
				ASSETCATALOG_COMPILER_APPICON_NAME = AppIcon;
				ASSETCATALOG_COMPILER_GLOBAL_ACCENT_COLOR_NAME = AccentColor;
				ASSETCATALOG_COMPILER_INCLUDE_ALL_APPICON_ASSETS = YES;
				CODE_SIGN_IDENTITY = "Apple Development";
				CODE_SIGN_STYLE = Automatic;
				CURRENT_PROJECT_VERSION = 4;
				DEVELOPMENT_ASSET_PATHS = "\"SeaBattle/Preview Content\"";
				DEVELOPMENT_TEAM = P4W6GGN5KK;
				ENABLE_PREVIEWS = YES;
				GENERATE_INFOPLIST_FILE = YES;
				INFOPLIST_FILE = SeaBattle/Info.plist;
				INFOPLIST_KEY_CFBundleDisplayName = "Sea Battle";
				INFOPLIST_KEY_LSApplicationCategoryType = "public.app-category.board-games";
				INFOPLIST_KEY_UIApplicationSceneManifest_Generation = YES;
				INFOPLIST_KEY_UIApplicationSupportsIndirectInputEvents = YES;
				INFOPLIST_KEY_UILaunchStoryboardName = "";
				INFOPLIST_KEY_UIRequiresFullScreen = YES;
				INFOPLIST_KEY_UIStatusBarHidden = YES;
				INFOPLIST_KEY_UISupportedInterfaceOrientations = "UIInterfaceOrientationPortrait UIInterfaceOrientationPortraitUpsideDown";
				INFOPLIST_KEY_UISupportedInterfaceOrientations_iPad = "UIInterfaceOrientationLandscapeLeft UIInterfaceOrientationLandscapeRight UIInterfaceOrientationPortrait UIInterfaceOrientationPortraitUpsideDown";
				IPHONEOS_DEPLOYMENT_TARGET = 16.0;
				LD_RUNPATH_SEARCH_PATHS = (
					"$(inherited)",
					"@executable_path/Frameworks",
				);
				MARKETING_VERSION = 2.1;
				PRODUCT_BUNDLE_IDENTIFIER = nl.brapps.SeaBattle;
				PRODUCT_NAME = "$(TARGET_NAME)";
				PROVISIONING_PROFILE_SPECIFIER = "";
				SUPPORTED_PLATFORMS = "iphoneos iphonesimulator";
				SUPPORTS_MACCATALYST = NO;
				SUPPORTS_MAC_DESIGNED_FOR_IPHONE_IPAD = NO;
				SUPPORTS_XR_DESIGNED_FOR_IPHONE_IPAD = NO;
				SWIFT_EMIT_LOC_STRINGS = YES;
				SWIFT_VERSION = 5.0;
				TARGETED_DEVICE_FAMILY = "1,2";
			};
			name = Release;
		};
/* End XCBuildConfiguration section */

/* Begin XCConfigurationList section */
		2C6A84682B6E99620001A20C /* Build configuration list for PBXProject "SeaBattle" */ = {
			isa = XCConfigurationList;
			buildConfigurations = (
				2C6A84792B6E99640001A20C /* Debug */,
				2C6A847A2B6E99640001A20C /* Release */,
			);
			defaultConfigurationIsVisible = 0;
			defaultConfigurationName = Release;
		};
		2C6A847B2B6E99640001A20C /* Build configuration list for PBXNativeTarget "SeaBattle" */ = {
			isa = XCConfigurationList;
			buildConfigurations = (
				2C6A847C2B6E99640001A20C /* Debug */,
				2C6A847D2B6E99640001A20C /* Release */,
			);
			defaultConfigurationIsVisible = 0;
			defaultConfigurationName = Release;
		};
/* End XCConfigurationList section */
	};
	rootObject = 2C6A84652B6E99620001A20C /* Project object */;
}
